# This file was autogenerated by Stack.
# You should not edit this file by hand.
# For more information, please see the documentation at:
#   https://docs.haskellstack.org/en/stable/lock_files

packages:
- completed:
    hackage: SimpleTableGenerator-0.2.0.0@sha256:466e8c2507ebf4bbc1869986930f972ed4f4ba2d658861e92d869213a43bd41f,1411
    pantry-tree:
      size: 434
      sha256: 5dff719302550f6d2c419c7478e7c3aaabd0733ae18623e223d4bf20d0b97bea
  original:
    hackage: SimpleTableGenerator-0.2.0.0@sha256:466e8c2507ebf4bbc1869986930f972ed4f4ba2d658861e92d869213a43bd41f,1411
snapshots:
- completed:
    size: 587113
    url: https://raw.githubusercontent.com/commercialhaskell/stackage-snapshots/master/lts/18/7.yaml
    sha256: c8617e042150e4bf412d011c234aba6189f789d0cd2bd4f1a1a9ca9a0ef5d042
  original:
    url: https://raw.githubusercontent.com/commercialhaskell/stackage-snapshots/master/lts/18/7.yaml
